{
  "nodes": {
    "anyrun": {
      "inputs": {
        "nixpkgs": [
          "nixpkgs"
        ]
      },
      "locked": {
        "lastModified": 1683202497,
        "narHash": "sha256-ViFgWVzW/sK14DSMC6/uxnkgOFUOtjghagpvqosEo24=",
        "owner": "Kirottu",
        "repo": "anyrun",
        "rev": "9f920a2108117c895f1dbda3a209eb4133cd2990",
        "type": "github"
      },
      "original": {
        "owner": "Kirottu",
        "repo": "anyrun",
        "type": "github"
      }
    },
    "chaotic": {
      "inputs": {
        "compare-to": "compare-to",
        "gamescope-git-src": "gamescope-git-src",
        "input-leap-git-src": "input-leap-git-src",
        "mangohud-git-src": "mangohud-git-src",
        "mesa-git-src": "mesa-git-src",
        "nixpkgs": "nixpkgs",
        "sway-git-src": "sway-git-src",
        "swaylock-plugin-git-src": "swaylock-plugin-git-src",
        "waynergy-git-src": "waynergy-git-src",
        "wlroots-git-src": "wlroots-git-src",
        "yuzu-ea-git-src": "yuzu-ea-git-src"
      },
      "locked": {
        "lastModified": 1683573943,
        "narHash": "sha256-f42kEsIQh+OArtkU/Y2r5BTTPHhpSmqldEX3XRNh2S4=",
        "owner": "chaotic-cx",
        "repo": "nyx",
        "rev": "8bbbac446b6c0073b98681bcc97fff106acde3b6",
        "type": "github"
      },
      "original": {
        "owner": "chaotic-cx",
        "ref": "nyxpkgs-unstable",
        "repo": "nyx",
        "type": "github"
      }
    },
    "compare-to": {
      "locked": {
        "lastModified": 1682262834,
        "narHash": "sha256-kailVn8ZiJ6yaHTLOTDtJKj8MFp/U/ncqYjNUrpryJ8=",
        "owner": "chaotic-cx",
        "repo": "nix-empty-flake",
        "rev": "211c8624d05494ab24993a59e7ddc2fad58305b3",
        "type": "github"
      },
      "original": {
        "owner": "chaotic-cx",
        "repo": "nix-empty-flake",
        "type": "github"
      }
    },
    "gamescope-git-src": {
      "flake": false,
      "locked": {
        "lastModified": 1683315006,
        "narHash": "sha256-JD0pNkANWoLYGjNTS2HU5cymL9RmiyLE68VcBfrlrQU=",
        "owner": "ValveSoftware",
        "repo": "gamescope",
        "rev": "acef4c24edaecad642b1d4c046fd0afea0d3f09f",
        "type": "github"
      },
      "original": {
        "owner": "ValveSoftware",
        "ref": "master",
        "repo": "gamescope",
        "type": "github"
      }
    },
    "hardware": {
      "locked": {
        "lastModified": 1683269598,
        "narHash": "sha256-KNsb+nBbB1Fmxd07dt4E0KXMT4YeKJB7gQaA6Xfk+mo=",
        "owner": "nixos",
        "repo": "nixos-hardware",
        "rev": "51559e691f1493a26f94f1df1aaf516bb507e78b",
        "type": "github"
      },
      "original": {
        "owner": "nixos",
        "repo": "nixos-hardware",
        "type": "github"
      }
    },
    "home-manager": {
      "inputs": {
        "nixpkgs": [
          "nixpkgs"
        ]
      },
      "locked": {
        "lastModified": 1683543852,
        "narHash": "sha256-aS9qNcg9GwSYFLCWa3Lw+2nVPG11mmQ3B7Oka1hh04M=",
        "owner": "nix-community",
        "repo": "home-manager",
        "rev": "3f3fa731ad0f99741d4dc98e8e1287b45e30b452",
        "type": "github"
      },
      "original": {
        "owner": "nix-community",
        "repo": "home-manager",
        "type": "github"
      }
    },
    "hyprland": {
      "inputs": {
        "hyprland-protocols": "hyprland-protocols",
        "nixpkgs": [
          "nixpkgs"
        ],
        "wlroots": "wlroots",
        "xdph": "xdph"
      },
      "locked": {
        "lastModified": 1683637685,
        "narHash": "sha256-CBuAN9qbzctDm+wNzeTnea/ZOBu8IVJJu3Y+r3Y7gZQ=",
        "owner": "hyprwm",
        "repo": "Hyprland",
        "rev": "cc4ccfdbfdf50d759d6a611dbb69468f74401b3a",
        "type": "github"
      },
      "original": {
        "owner": "hyprwm",
        "repo": "Hyprland",
        "type": "github"
      }
    },
    "hyprland-protocols": {
      "inputs": {
        "nixpkgs": [
          "hyprland",
          "nixpkgs"
        ]
      },
      "locked": {
        "lastModified": 1681065697,
        "narHash": "sha256-QPzwwlGKX95tl6ZEshboZbEwwAXww6lNLdVYd6T9Mrc=",
        "owner": "hyprwm",
        "repo": "hyprland-protocols",
        "rev": "4d29e48433270a2af06b8bc711ca1fe5109746cd",
        "type": "github"
      },
      "original": {
        "owner": "hyprwm",
        "repo": "hyprland-protocols",
        "type": "github"
      }
    },
    "hyprland-protocols_2": {
      "inputs": {
        "nixpkgs": [
          "nixpkgs"
        ]
      },
      "locked": {
        "lastModified": 1683041999,
        "narHash": "sha256-Bruq0IW7nzSbsaoe/4SIZCIK3JmdPM0Oxy4GjcPgVXQ=",
        "owner": "hyprwm",
        "repo": "hyprland-protocols",
        "rev": "525960bb75ae1d026a3fd914a772d6eb4ae45fca",
        "type": "github"
      },
      "original": {
        "owner": "hyprwm",
        "repo": "hyprland-protocols",
        "type": "github"
      }
    },
    "hyprwm-contrib": {
      "inputs": {
        "nixpkgs": "nixpkgs_2"
      },
      "locked": {
        "lastModified": 1683107384,
        "narHash": "sha256-maCeGSr7UaxMzHgqHBtahwhf8nhenTytJnCWOA+DoXI=",
        "owner": "hyprwm",
        "repo": "contrib",
        "rev": "a5792efdb113e9e971dc6fe5114fee814afbfb81",
        "type": "github"
      },
      "original": {
        "owner": "hyprwm",
        "repo": "contrib",
        "type": "github"
      }
    },
    "input-leap-git-src": {
      "flake": false,
      "locked": {
        "lastModified": 1683474693,
        "narHash": "sha256-oWuPbVlvpDzDP8Lz79BzFn/alTcuktaiahiOVN+tm0Y=",
        "owner": "input-leap",
        "repo": "input-leap",
        "rev": "23615f6605887fcf6c8a9a4f12916c6f1016295a",
        "type": "github"
      },
      "original": {
        "owner": "input-leap",
        "ref": "master",
        "repo": "input-leap",
        "type": "github"
      }
    },
    "mangohud-git-src": {
      "flake": false,
      "locked": {
        "lastModified": 1683493283,
        "narHash": "sha256-WoJEtnfgIXnzwV9qnzhx1tdSI+GWfc6oeli0tX/pLsI=",
        "owner": "flightlessmango",
        "repo": "MangoHud",
        "rev": "3f8f036ee8773ae1af23dd0848b6ab487b5ac7de",
        "type": "github"
      },
      "original": {
        "owner": "flightlessmango",
        "ref": "master",
        "repo": "MangoHud",
        "type": "github"
      }
    },
    "mesa-git-src": {
      "flake": false,
      "locked": {
        "lastModified": 1683557931,
        "narHash": "sha256-xFGZhPzwTXEmQMS/gKjdPgQRhHc3BIMfxwsf7KZ3OyQ=",
        "owner": "chaotic-cx",
        "repo": "mesa-mirror",
        "rev": "04b33699217990b3d5c16047586070e4067d3281",
        "type": "github"
      },
      "original": {
        "owner": "chaotic-cx",
        "ref": "main",
        "repo": "mesa-mirror",
        "type": "github"
      }
    },
    "nixpkgs": {
      "locked": {
        "lastModified": 1683408522,
        "narHash": "sha256-9kcPh6Uxo17a3kK3XCHhcWiV1Yu1kYj22RHiymUhMkU=",
        "owner": "NixOS",
        "repo": "nixpkgs",
        "rev": "897876e4c484f1e8f92009fd11b7d988a121a4e7",
        "type": "github"
      },
      "original": {
        "owner": "NixOS",
        "ref": "nixos-unstable",
        "repo": "nixpkgs",
        "type": "github"
      }
    },
    "nixpkgs_2": {
      "locked": {
        "lastModified": 1658161305,
        "narHash": "sha256-X/nhnMCa1Wx4YapsspyAs6QYz6T/85FofrI6NpdPDHg=",
        "owner": "NixOS",
        "repo": "nixpkgs",
        "rev": "e4d49de45a3b5dbcb881656b4e3986e666141ea9",
        "type": "github"
      },
      "original": {
        "owner": "NixOS",
        "ref": "nixos-unstable",
        "repo": "nixpkgs",
        "type": "github"
      }
    },
    "nixpkgs_3": {
      "locked": {
        "lastModified": 1683408522,
        "narHash": "sha256-9kcPh6Uxo17a3kK3XCHhcWiV1Yu1kYj22RHiymUhMkU=",
        "owner": "nixos",
        "repo": "nixpkgs",
        "rev": "897876e4c484f1e8f92009fd11b7d988a121a4e7",
        "type": "github"
      },
      "original": {
        "owner": "nixos",
        "ref": "nixos-unstable",
        "repo": "nixpkgs",
        "type": "github"
      }
    },
    "root": {
      "inputs": {
        "anyrun": "anyrun",
        "chaotic": "chaotic",
        "hardware": "hardware",
        "home-manager": "home-manager",
        "hyprland": "hyprland",
        "hyprland-protocols": "hyprland-protocols_2",
        "hyprwm-contrib": "hyprwm-contrib",
        "nixpkgs": "nixpkgs_3",
        "xdph": "xdph_2"
      }
    },
    "sway-git-src": {
      "flake": false,
      "locked": {
        "lastModified": 1683214494,
        "narHash": "sha256-7EZLZBD4ltzWSb59MybCe3LcFg1lwx83ovqaydVqul4=",
        "owner": "swaywm",
        "repo": "sway",
        "rev": "3cd7c7178079bf61bb7967690e7767442b369782",
        "type": "github"
      },
      "original": {
        "owner": "swaywm",
        "ref": "master",
        "repo": "sway",
        "type": "github"
      }
    },
    "swaylock-plugin-git-src": {
      "flake": false,
      "locked": {
        "lastModified": 1681470168,
        "narHash": "sha256-iSX8/shh3oT0JaEcwyJUezVl14MqQJG54LWSnwXDmW4=",
        "owner": "mstoeckl",
        "repo": "swaylock-plugin",
        "rev": "9629e58a7a9d6f063451527e7da547b0cb1d97c6",
        "type": "github"
      },
      "original": {
        "owner": "mstoeckl",
        "ref": "main",
        "repo": "swaylock-plugin",
        "type": "github"
      }
    },
    "waynergy-git-src": {
      "flake": false,
      "locked": {
        "lastModified": 1680951881,
        "narHash": "sha256-DHP84AYDd3M8on4LgS2TzFU/QulrWXdl1qbLV+qKoxw=",
        "owner": "r-c-f",
        "repo": "waynergy",
        "rev": "833ff57906460acb4ba9e3ec45737f42f461fc53",
        "type": "github"
      },
      "original": {
        "owner": "r-c-f",
        "ref": "master",
        "repo": "waynergy",
        "type": "github"
      }
    },
    "wlroots": {
      "flake": false,
      "locked": {
        "host": "gitlab.freedesktop.org",
        "lastModified": 1682436395,
        "narHash": "sha256-GGEjkQO9m7YLYIXIXM76HWdhjg4Ye+oafOtyaFAYKI4=",
        "owner": "wlroots",
        "repo": "wlroots",
        "rev": "6830bfc17fd94709e2cdd4da0af989f102a26e59",
        "type": "gitlab"
      },
      "original": {
        "host": "gitlab.freedesktop.org",
        "owner": "wlroots",
        "repo": "wlroots",
        "type": "gitlab"
      }
    },
    "wlroots-git-src": {
      "flake": false,
      "locked": {
        "lastModified": 1683537442,
        "narHash": "sha256-3yzP5HRd979BDCoA5ivY/TsXVWECZkD3pIZL5YewWds=",
        "ref": "master",
        "rev": "18139f4d87a42d64a03af26aa750ff5e59ec6c89",
        "revCount": 6238,
        "type": "git",
        "url": "https://gitlab.freedesktop.org/wlroots/wlroots.git"
      },
      "original": {
        "ref": "master",
        "type": "git",
        "url": "https://gitlab.freedesktop.org/wlroots/wlroots.git"
      }
    },
    "xdph": {
      "inputs": {
        "hyprland-protocols": [
          "hyprland",
          "hyprland-protocols"
        ],
        "nixpkgs": [
          "hyprland",
          "nixpkgs"
        ]
      },
      "locked": {
        "lastModified": 1682439384,
        "narHash": "sha256-zHDa8LCZs05TZHQSIZ3ucwyMPglBGHcqTBzfkLjYXTM=",
        "owner": "hyprwm",
        "repo": "xdg-desktop-portal-hyprland",
        "rev": "c0e233955568fbea4e859336f6d3d14d51294d7c",
        "type": "github"
      },
      "original": {
        "owner": "hyprwm",
        "repo": "xdg-desktop-portal-hyprland",
        "type": "github"
      }
    },
    "xdph_2": {
      "inputs": {
        "hyprland-protocols": [
          "hyprland-protocols"
        ],
        "nixpkgs": [
          "nixpkgs"
        ]
      },
      "locked": {
        "lastModified": 1683042544,
        "narHash": "sha256-/kNKwmuv/HyByogFy/e+kkaWSjdD2s7TAgKfCk8uapY=",
        "owner": "hyprwm",
        "repo": "xdg-desktop-portal-hyprland",
        "rev": "2bdadd2d37f42b516587c64c963ea638c6df8355",
        "type": "github"
      },
      "original": {
        "owner": "hyprwm",
        "repo": "xdg-desktop-portal-hyprland",
        "type": "github"
      }
    },
    "yuzu-ea-git-src": {
      "flake": false,
      "locked": {
        "lastModified": 1683523985,
        "narHash": "sha256-JvfJdK4E/OOyw40PpQYO0xE072rJpiguJyVLUV2kmRc=",
        "owner": "pineappleEA",
        "repo": "pineapple-src",
        "rev": "4d07ab877f526bfab65f1df0345cb08c7169f4f0",
        "type": "github"
      },
      "original": {
        "owner": "pineappleEA",
        "ref": "main",
        "repo": "pineapple-src",
        "type": "github"
      }
    }
  },
  "root": "root",
  "version": 7
}
